
Microsoft Visual Studio Solution File, Format Version 12.00
# Visual Studio 15
VisualStudioVersion = 15.0.28307.329
MinimumVisualStudioVersion = 10.0.40219.1
Project("{FAE04EC0-301F-11D3-BF4B-00C04F79EFBC}") = "BakerySystem", "BakerySystem\BakerySystem.csproj", "{7A156843-11BD-40AF-8A6A-216EFBADE597}"
EndProject
Global
	GlobalSection(SolutionConfigurationPlatforms) = preSolution
		Debug|Any CPU = Debug|Any CPU
		Release|Any CPU = Release|Any CPU
	EndGlobalSection
	GlobalSection(ProjectConfigurationPlatforms) = postSolution
		{7A156843-11BD-40AF-8A6A-216EFBADE597}.Debug|Any CPU.ActiveCfg = Debug|Any CPU
		{7A156843-11BD-40AF-8A6A-216EFBADE597}.Debug|Any CPU.Build.0 = Debug|Any CPU
		{7A156843-11BD-40AF-8A6A-216EFBADE597}.Release|Any CPU.ActiveCfg = Release|Any CPU
		{7A156843-11BD-40AF-8A6A-216EFBADE597}.Release|Any CPU.Build.0 = Release|Any CPU
	EndGlobalSection
	GlobalSection(SolutionProperties) = preSolution
		HideSolutionNode = FALSE
	EndGlobalSection
	GlobalSection(ExtensibilityGlobals) = postSolution
		SolutionGuid = {0DAB7B93-4DDA-4AEB-9356-8EABDB29BA31}
	EndGlobalSection
EndGlobal
